// !$*UTF8*$!
{
	archiveVersion = 1;
	classes = {
	};
	objectVersion = 46;
	objects = {

/* Begin PBXBuildFile section */
		0B24DE4E283AEE9D3F28F317 /* Pods_clean_redux.framework in Frameworks */ = {isa = PBXBuildFile; fileRef = 06BDCCE42B27804396F5EC4E /* Pods_clean_redux.framework */; };
		82DF5C7C8CF72D26E778D708 /* Pods_clean_reduxTests.framework in Frameworks */ = {isa = PBXBuildFile; fileRef = F9250B329247EDD4D9453B63 /* Pods_clean_reduxTests.framework */; };
		BF_152933560209 /* PaginationReactor.swift in Sources */ = {isa = PBXBuildFile; fileRef = FR_859310524924 /* PaginationReactor.swift */; };
		BF_220933786984 /* LaunchScreen.storyboard in Resources */ = {isa = PBXBuildFile; fileRef = VG_810177599676 /* LaunchScreen.storyboard */; };
		BF_433340952706 /* MovieCategoriesViewController.swift in Sources */ = {isa = PBXBuildFile; fileRef = FR_580189503228 /* MovieCategoriesViewController.swift */; };
		BF_460642643806 /* DataProvider.swift in Sources */ = {isa = PBXBuildFile; fileRef = FR_884900862557 /* DataProvider.swift */; };
		BF_561999112024 /* clean_reduxTests.swift in Sources */ = {isa = PBXBuildFile; fileRef = FR_601196764853 /* clean_reduxTests.swift */; };
		BF_614586781675 /* Pagination.swift in Sources */ = {isa = PBXBuildFile; fileRef = FR_785563570408 /* Pagination.swift */; };
		BF_615745902007 /* MovieCategoriesReactor.swift in Sources */ = {isa = PBXBuildFile; fileRef = FR_802786776558 /* MovieCategoriesReactor.swift */; };
		BF_616007858959 /* Cyclone.swift in Sources */ = {isa = PBXBuildFile; fileRef = FR_240454828770 /* Cyclone.swift */; };
		BF_635931689334 /* Category.swift in Sources */ = {isa = PBXBuildFile; fileRef = FR_336957688215 /* Category.swift */; };
		BF_644262077764 /* ObservableType+Extras.swift in Sources */ = {isa = PBXBuildFile; fileRef = FR_773115871559 /* ObservableType+Extras.swift */; };
		BF_651649142571 /* R.generated.swift in Sources */ = {isa = PBXBuildFile; fileRef = FR_897542177825 /* R.generated.swift */; };
		BF_655852054087 /* Main.storyboard in Resources */ = {isa = PBXBuildFile; fileRef = VG_886936962567 /* Main.storyboard */; };
		BF_658848844760 /* MovieCategoriesCyclone.swift in Sources */ = {isa = PBXBuildFile; fileRef = FR_714331171442 /* MovieCategoriesCyclone.swift */; };
		BF_704008247698 /* MovieCategoriesFeedback.storyboard in Resources */ = {isa = PBXBuildFile; fileRef = FR_814206848884 /* MovieCategoriesFeedback.storyboard */; };
		BF_808746824284 /* AppDelegate.swift in Sources */ = {isa = PBXBuildFile; fileRef = FR_650197871214 /* AppDelegate.swift */; };
		BF_887588873755 /* ViewController.swift in Sources */ = {isa = PBXBuildFile; fileRef = FR_650007393522 /* ViewController.swift */; };
		BF_917789715331 /* Assets.xcassets in Resources */ = {isa = PBXBuildFile; fileRef = FR_322229704241 /* Assets.xcassets */; };
/* End PBXBuildFile section */

/* Begin PBXContainerItemProxy section */
		CIP_31905469546 /* PBXContainerItemProxy */ = {
			isa = PBXContainerItemProxy;
			containerPortal = P_3801842698376 /* Project object */;
			proxyType = 1;
			remoteGlobalIDString = NT_380184269837;
			remoteInfo = "clean-redux";
		};
/* End PBXContainerItemProxy section */

/* Begin PBXFileReference section */
		06BDCCE42B27804396F5EC4E /* Pods_clean_redux.framework */ = {isa = PBXFileReference; explicitFileType = wrapper.framework; includeInIndex = 0; path = Pods_clean_redux.framework; sourceTree = BUILT_PRODUCTS_DIR; };
		092DD2D4F9C55AF0F9E8D342 /* Pods-clean-redux.debug.xcconfig */ = {isa = PBXFileReference; includeInIndex = 1; lastKnownFileType = text.xcconfig; name = "Pods-clean-redux.debug.xcconfig"; path = "../Pods/Target Support Files/Pods-clean-redux/Pods-clean-redux.debug.xcconfig"; sourceTree = "<group>"; };
		0B13ACF0F2C0A2DDC060E33B /* Pods-clean-reduxTests.release.xcconfig */ = {isa = PBXFileReference; includeInIndex = 1; lastKnownFileType = text.xcconfig; name = "Pods-clean-reduxTests.release.xcconfig"; path = "../Pods/Target Support Files/Pods-clean-reduxTests/Pods-clean-reduxTests.release.xcconfig"; sourceTree = "<group>"; };
		BED16541BED7B07545D561A1 /* Pods-clean-redux.release.xcconfig */ = {isa = PBXFileReference; includeInIndex = 1; lastKnownFileType = text.xcconfig; name = "Pods-clean-redux.release.xcconfig"; path = "../Pods/Target Support Files/Pods-clean-redux/Pods-clean-redux.release.xcconfig"; sourceTree = "<group>"; };
		CEC4DF8C942BD65897952418 /* Pods-clean-reduxTests.debug.xcconfig */ = {isa = PBXFileReference; includeInIndex = 1; lastKnownFileType = text.xcconfig; name = "Pods-clean-reduxTests.debug.xcconfig"; path = "../Pods/Target Support Files/Pods-clean-reduxTests/Pods-clean-reduxTests.debug.xcconfig"; sourceTree = "<group>"; };
		F9250B329247EDD4D9453B63 /* Pods_clean_reduxTests.framework */ = {isa = PBXFileReference; explicitFileType = wrapper.framework; includeInIndex = 0; path = Pods_clean_reduxTests.framework; sourceTree = BUILT_PRODUCTS_DIR; };
		FR_240454828770 /* Cyclone.swift */ = {isa = PBXFileReference; lastKnownFileType = sourcecode.swift; path = Cyclone.swift; sourceTree = "<group>"; };
		FR_322229704241 /* Assets.xcassets */ = {isa = PBXFileReference; lastKnownFileType = folder.assetcatalog; path = Assets.xcassets; sourceTree = "<group>"; };
		FR_336957688215 /* Category.swift */ = {isa = PBXFileReference; lastKnownFileType = sourcecode.swift; path = Category.swift; sourceTree = "<group>"; };
		FR_380184269837 /* clean-redux.app */ = {isa = PBXFileReference; includeInIndex = 0; lastKnownFileType = wrapper.application; path = "clean-redux.app"; sourceTree = BUILT_PRODUCTS_DIR; };
		FR_401898105458 /* Info.plist */ = {isa = PBXFileReference; lastKnownFileType = text.plist.xml; path = Info.plist; sourceTree = "<group>"; };
		FR_402704555440 /* clean-reduxTests.xctest */ = {isa = PBXFileReference; includeInIndex = 0; lastKnownFileType = wrapper.cfbundle; path = "clean-reduxTests.xctest"; sourceTree = BUILT_PRODUCTS_DIR; };
		FR_465453822541 /* Info.plist */ = {isa = PBXFileReference; lastKnownFileType = text.plist.xml; path = Info.plist; sourceTree = "<group>"; };
		FR_580189503228 /* MovieCategoriesViewController.swift */ = {isa = PBXFileReference; lastKnownFileType = sourcecode.swift; path = MovieCategoriesViewController.swift; sourceTree = "<group>"; };
		FR_601196764853 /* clean_reduxTests.swift */ = {isa = PBXFileReference; lastKnownFileType = sourcecode.swift; path = clean_reduxTests.swift; sourceTree = "<group>"; };
		FR_650007393522 /* ViewController.swift */ = {isa = PBXFileReference; lastKnownFileType = sourcecode.swift; path = ViewController.swift; sourceTree = "<group>"; };
		FR_650197871214 /* AppDelegate.swift */ = {isa = PBXFileReference; lastKnownFileType = sourcecode.swift; path = AppDelegate.swift; sourceTree = "<group>"; };
		FR_714331171442 /* MovieCategoriesCyclone.swift */ = {isa = PBXFileReference; lastKnownFileType = sourcecode.swift; path = MovieCategoriesCyclone.swift; sourceTree = "<group>"; };
		FR_773115871559 /* ObservableType+Extras.swift */ = {isa = PBXFileReference; lastKnownFileType = sourcecode.swift; path = "ObservableType+Extras.swift"; sourceTree = "<group>"; };
		FR_785563570408 /* Pagination.swift */ = {isa = PBXFileReference; lastKnownFileType = sourcecode.swift; path = Pagination.swift; sourceTree = "<group>"; };
		FR_802786776558 /* MovieCategoriesReactor.swift */ = {isa = PBXFileReference; lastKnownFileType = sourcecode.swift; path = MovieCategoriesReactor.swift; sourceTree = "<group>"; };
		FR_810177599676 /* Base */ = {isa = PBXFileReference; lastKnownFileType = file.storyboard; name = Base; path = Base.lproj/LaunchScreen.storyboard; sourceTree = "<group>"; };
		FR_814206848884 /* MovieCategoriesFeedback.storyboard */ = {isa = PBXFileReference; lastKnownFileType = file.storyboard; path = MovieCategoriesFeedback.storyboard; sourceTree = "<group>"; };
		FR_859310524924 /* PaginationReactor.swift */ = {isa = PBXFileReference; lastKnownFileType = sourcecode.swift; path = PaginationReactor.swift; sourceTree = "<group>"; };
		FR_884900862557 /* DataProvider.swift */ = {isa = PBXFileReference; lastKnownFileType = sourcecode.swift; path = DataProvider.swift; sourceTree = "<group>"; };
		FR_886936962567 /* Base */ = {isa = PBXFileReference; lastKnownFileType = file.storyboard; name = Base; path = Base.lproj/Main.storyboard; sourceTree = "<group>"; };
		FR_897542177825 /* R.generated.swift */ = {isa = PBXFileReference; lastKnownFileType = sourcecode.swift; path = R.generated.swift; sourceTree = "<group>"; };
/* End PBXFileReference section */

/* Begin PBXFrameworksBuildPhase section */
		68D08481EABEC75E290E78F3 /* Frameworks */ = {
			isa = PBXFrameworksBuildPhase;
			buildActionMask = 2147483647;
			files = (
				82DF5C7C8CF72D26E778D708 /* Pods_clean_reduxTests.framework in Frameworks */,
			);
			runOnlyForDeploymentPostprocessing = 0;
		};
		708E4922364910A751D55CB7 /* Frameworks */ = {
			isa = PBXFrameworksBuildPhase;
			buildActionMask = 2147483647;
			files = (
				0B24DE4E283AEE9D3F28F317 /* Pods_clean_redux.framework in Frameworks */,
			);
			runOnlyForDeploymentPostprocessing = 0;
		};
/* End PBXFrameworksBuildPhase section */

/* Begin PBXGroup section */
		01D7628468308A6DEBBD29C9 /* Frameworks */ = {
			isa = PBXGroup;
			children = (
				06BDCCE42B27804396F5EC4E /* Pods_clean_redux.framework */,
				F9250B329247EDD4D9453B63 /* Pods_clean_reduxTests.framework */,
			);
			name = Frameworks;
			sourceTree = "<group>";
		};
		F940A974CAD4A7DE821E97C1 /* Pods */ = {
			isa = PBXGroup;
			children = (
				092DD2D4F9C55AF0F9E8D342 /* Pods-clean-redux.debug.xcconfig */,
				BED16541BED7B07545D561A1 /* Pods-clean-redux.release.xcconfig */,
				CEC4DF8C942BD65897952418 /* Pods-clean-reduxTests.debug.xcconfig */,
				0B13ACF0F2C0A2DDC060E33B /* Pods-clean-reduxTests.release.xcconfig */,
			);
			name = Pods;
			sourceTree = "<group>";
		};
		G_2345465852380 /* Pagination */ = {
			isa = PBXGroup;
			children = (
				FR_785563570408 /* Pagination.swift */,
				FR_859310524924 /* PaginationReactor.swift */,
			);
			path = Pagination;
			sourceTree = "<group>";
		};
		G_3801842698376 /* clean-redux */ = {
			isa = PBXGroup;
			children = (
				G_9135566873834 /* Common */,
				G_4894426489228 /* Modules */,
				FR_650197871214 /* AppDelegate.swift */,
				FR_322229704241 /* Assets.xcassets */,
				FR_401898105458 /* Info.plist */,
				VG_810177599676 /* LaunchScreen.storyboard */,
				VG_886936962567 /* Main.storyboard */,
				FR_897542177825 /* R.generated.swift */,
				FR_650007393522 /* ViewController.swift */,
			);
			path = "clean-redux";
			sourceTree = "<group>";
		};
		G_4027045554407 /* clean-reduxTests */ = {
			isa = PBXGroup;
			children = (
				FR_465453822541 /* Info.plist */,
				FR_601196764853 /* clean_reduxTests.swift */,
			);
			path = "clean-reduxTests";
			sourceTree = "<group>";
		};
		G_4306354494489 /* Rx */ = {
			isa = PBXGroup;
			children = (
				FR_773115871559 /* ObservableType+Extras.swift */,
			);
			path = Rx;
			sourceTree = "<group>";
		};
		G_4782167911845 /* Scenes */ = {
			isa = PBXGroup;
			children = (
				G_6523346773640 /* MovieCategories */,
			);
			path = Scenes;
			sourceTree = "<group>";
		};
		G_4894426489228 /* Modules */ = {
			isa = PBXGroup;
			children = (
				G_5302264533230 /* Library */,
			);
			path = Modules;
			sourceTree = "<group>";
		};
		G_5302264533230 /* Library */ = {
			isa = PBXGroup;
			children = (
				G_6935620428756 /* Model */,
				G_6995279187981 /* Provider */,
				G_4782167911845 /* Scenes */,
			);
			path = Library;
			sourceTree = "<group>";
		};
		G_5438168605299 /* Cyclone */ = {
			isa = PBXGroup;
			children = (
				FR_240454828770 /* Cyclone.swift */,
			);
			path = Cyclone;
			sourceTree = "<group>";
		};
		G_5693004571923 /* Extensions */ = {
			isa = PBXGroup;
			children = (
				G_4306354494489 /* Rx */,
			);
			path = Extensions;
			sourceTree = "<group>";
		};
		G_6523346773640 /* MovieCategories */ = {
			isa = PBXGroup;
			children = (
				FR_714331171442 /* MovieCategoriesCyclone.swift */,
				FR_814206848884 /* MovieCategoriesFeedback.storyboard */,
				FR_802786776558 /* MovieCategoriesReactor.swift */,
				FR_580189503228 /* MovieCategoriesViewController.swift */,
			);
			path = MovieCategories;
			sourceTree = "<group>";
		};
		G_6935620428756 /* Model */ = {
			isa = PBXGroup;
			children = (
				FR_336957688215 /* Category.swift */,
			);
			path = Model;
			sourceTree = "<group>";
		};
		G_6995279187981 /* Provider */ = {
			isa = PBXGroup;
			children = (
				FR_884900862557 /* DataProvider.swift */,
			);
			path = Provider;
			sourceTree = "<group>";
		};
		G_8448771205358 = {
			isa = PBXGroup;
			children = (
				G_8620238527590 /* Products */,
				G_3801842698376 /* clean-redux */,
				G_4027045554407 /* clean-reduxTests */,
				F940A974CAD4A7DE821E97C1 /* Pods */,
				01D7628468308A6DEBBD29C9 /* Frameworks */,
			);
			sourceTree = "<group>";
		};
		G_8620238527590 /* Products */ = {
			isa = PBXGroup;
			children = (
				FR_380184269837 /* clean-redux.app */,
				FR_402704555440 /* clean-reduxTests.xctest */,
			);
			name = Products;
			sourceTree = "<group>";
		};
		G_9135566873834 /* Common */ = {
			isa = PBXGroup;
			children = (
				G_5438168605299 /* Cyclone */,
				G_5693004571923 /* Extensions */,
				G_2345465852380 /* Pagination */,
			);
			path = Common;
			sourceTree = "<group>";
		};
/* End PBXGroup section */

/* Begin PBXNativeTarget section */
		NT_380184269837 /* clean-redux */ = {
			isa = PBXNativeTarget;
			buildConfigurationList = CL_380184269837-1 /* Build configuration list for PBXNativeTarget "clean-redux" */;
			buildPhases = (
				A4030ED5D292DFCD4955E9D8 /* [CP] Check Pods Manifest.lock */,
				SSBP_9166340974 /* R.Swift */,
				SBP_38018426983 /* Sources */,
				RBP_38018426983 /* Resources */,
				708E4922364910A751D55CB7 /* Frameworks */,
				C422067F05214696F5634BBD /* [CP] Embed Pods Frameworks */,
			);
			buildRules = (
			);
			dependencies = (
			);
			name = "clean-redux";
			productName = "clean-redux";
			productReference = FR_380184269837 /* clean-redux.app */;
			productType = "com.apple.product-type.application";
		};
		NT_402704555440 /* clean-reduxTests */ = {
			isa = PBXNativeTarget;
			buildConfigurationList = CL_402704555440 /* Build configuration list for PBXNativeTarget "clean-reduxTests" */;
			buildPhases = (
				CB8150EEA4F47C261349C98E /* [CP] Check Pods Manifest.lock */,
				SBP_40270455544 /* Sources */,
				68D08481EABEC75E290E78F3 /* Frameworks */,
			);
			buildRules = (
			);
			dependencies = (
				TD_914538729016 /* PBXTargetDependency */,
			);
			name = "clean-reduxTests";
			productName = "clean-reduxTests";
			productReference = FR_402704555440 /* clean-reduxTests.xctest */;
			productType = "com.apple.product-type.bundle.unit-test";
		};
/* End PBXNativeTarget section */

/* Begin PBXProject section */
		P_3801842698376 /* Project object */ = {
			isa = PBXProject;
			attributes = {
				LastUpgradeCheck = 0930;
			};
			buildConfigurationList = CL_380184269837 /* Build configuration list for PBXProject "clean-redux" */;
			compatibilityVersion = "Xcode 3.2";
			developmentRegion = en;
			hasScannedForEncodings = 0;
			knownRegions = (
				Base,
			);
			mainGroup = G_8448771205358;
			productRefGroup = G_8620238527590 /* Products */;
			projectDirPath = "";
			projectRoot = "";
			targets = (
				NT_380184269837 /* clean-redux */,
				NT_402704555440 /* clean-reduxTests */,
			);
		};
/* End PBXProject section */

/* Begin PBXResourcesBuildPhase section */
		RBP_38018426983 /* Resources */ = {
			isa = PBXResourcesBuildPhase;
			buildActionMask = 2147483647;
			files = (
				BF_917789715331 /* Assets.xcassets in Resources */,
				BF_220933786984 /* LaunchScreen.storyboard in Resources */,
				BF_655852054087 /* Main.storyboard in Resources */,
				BF_704008247698 /* MovieCategoriesFeedback.storyboard in Resources */,
			);
			runOnlyForDeploymentPostprocessing = 0;
		};
/* End PBXResourcesBuildPhase section */

/* Begin PBXShellScriptBuildPhase section */
		A4030ED5D292DFCD4955E9D8 /* [CP] Check Pods Manifest.lock */ = {
			isa = PBXShellScriptBuildPhase;
			buildActionMask = 2147483647;
			files = (
			);
			inputPaths = (
				"${PODS_PODFILE_DIR_PATH}/Podfile.lock",
				"${PODS_ROOT}/Manifest.lock",
			);
			name = "[CP] Check Pods Manifest.lock";
			outputPaths = (
				"$(DERIVED_FILE_DIR)/Pods-clean-redux-checkManifestLockResult.txt",
			);
			runOnlyForDeploymentPostprocessing = 0;
			shellPath = /bin/sh;
			shellScript = "diff \"${PODS_PODFILE_DIR_PATH}/Podfile.lock\" \"${PODS_ROOT}/Manifest.lock\" > /dev/null\nif [ $? != 0 ] ; then\n    # print error to STDERR\n    echo \"error: The sandbox is not in sync with the Podfile.lock. Run 'pod install' or update your CocoaPods installation.\" >&2\n    exit 1\nfi\n# This output is used by Xcode 'outputs' to avoid re-running this script phase.\necho \"SUCCESS\" > \"${SCRIPT_OUTPUT_FILE_0}\"\n";
			showEnvVarsInLog = 0;
		};
		C422067F05214696F5634BBD /* [CP] Embed Pods Frameworks */ = {
			isa = PBXShellScriptBuildPhase;
			buildActionMask = 2147483647;
			files = (
			);
			inputPaths = (
				"${SRCROOT}/../Pods/Target Support Files/Pods-clean-redux/Pods-clean-redux-frameworks.sh",
				"${BUILT_PRODUCTS_DIR}/Action/Action.framework",
				"${BUILT_PRODUCTS_DIR}/Differentiator/Differentiator.framework",
				"${BUILT_PRODUCTS_DIR}/R.swift.Library/Rswift.framework",
				"${BUILT_PRODUCTS_DIR}/ReRxSwift/ReRxSwift.framework",
				"${BUILT_PRODUCTS_DIR}/ReSwift/ReSwift.framework",
				"${BUILT_PRODUCTS_DIR}/ReSwiftRouter/ReSwiftRouter.framework",
				"${BUILT_PRODUCTS_DIR}/ReactorKit/ReactorKit.framework",
				"${BUILT_PRODUCTS_DIR}/RxCocoa/RxCocoa.framework",
				"${BUILT_PRODUCTS_DIR}/RxDataSources/RxDataSources.framework",
				"${BUILT_PRODUCTS_DIR}/RxFeedback/RxFeedback.framework",
				"${BUILT_PRODUCTS_DIR}/RxLens/RxLens.framework",
				"${BUILT_PRODUCTS_DIR}/RxSwift/RxSwift.framework",
			);
			name = "[CP] Embed Pods Frameworks";
			outputPaths = (
				"${TARGET_BUILD_DIR}/${FRAMEWORKS_FOLDER_PATH}/Action.framework",
				"${TARGET_BUILD_DIR}/${FRAMEWORKS_FOLDER_PATH}/Differentiator.framework",
				"${TARGET_BUILD_DIR}/${FRAMEWORKS_FOLDER_PATH}/Rswift.framework",
				"${TARGET_BUILD_DIR}/${FRAMEWORKS_FOLDER_PATH}/ReRxSwift.framework",
				"${TARGET_BUILD_DIR}/${FRAMEWORKS_FOLDER_PATH}/ReSwift.framework",
				"${TARGET_BUILD_DIR}/${FRAMEWORKS_FOLDER_PATH}/ReSwiftRouter.framework",
				"${TARGET_BUILD_DIR}/${FRAMEWORKS_FOLDER_PATH}/ReactorKit.framework",
				"${TARGET_BUILD_DIR}/${FRAMEWORKS_FOLDER_PATH}/RxCocoa.framework",
				"${TARGET_BUILD_DIR}/${FRAMEWORKS_FOLDER_PATH}/RxDataSources.framework",
				"${TARGET_BUILD_DIR}/${FRAMEWORKS_FOLDER_PATH}/RxFeedback.framework",
				"${TARGET_BUILD_DIR}/${FRAMEWORKS_FOLDER_PATH}/RxLens.framework",
				"${TARGET_BUILD_DIR}/${FRAMEWORKS_FOLDER_PATH}/RxSwift.framework",
			);
			runOnlyForDeploymentPostprocessing = 0;
			shellPath = /bin/sh;
			shellScript = "\"${SRCROOT}/../Pods/Target Support Files/Pods-clean-redux/Pods-clean-redux-frameworks.sh\"\n";
			showEnvVarsInLog = 0;
		};
		CB8150EEA4F47C261349C98E /* [CP] Check Pods Manifest.lock */ = {
			isa = PBXShellScriptBuildPhase;
			buildActionMask = 2147483647;
			files = (
			);
			inputPaths = (
				"${PODS_PODFILE_DIR_PATH}/Podfile.lock",
				"${PODS_ROOT}/Manifest.lock",
			);
			name = "[CP] Check Pods Manifest.lock";
			outputPaths = (
				"$(DERIVED_FILE_DIR)/Pods-clean-reduxTests-checkManifestLockResult.txt",
			);
			runOnlyForDeploymentPostprocessing = 0;
			shellPath = /bin/sh;
			shellScript = "diff \"${PODS_PODFILE_DIR_PATH}/Podfile.lock\" \"${PODS_ROOT}/Manifest.lock\" > /dev/null\nif [ $? != 0 ] ; then\n    # print error to STDERR\n    echo \"error: The sandbox is not in sync with the Podfile.lock. Run 'pod install' or update your CocoaPods installation.\" >&2\n    exit 1\nfi\n# This output is used by Xcode 'outputs' to avoid re-running this script phase.\necho \"SUCCESS\" > \"${SCRIPT_OUTPUT_FILE_0}\"\n";
			showEnvVarsInLog = 0;
		};
		SSBP_9166340974 /* R.Swift */ = {
			isa = PBXShellScriptBuildPhase;
			buildActionMask = 2147483647;
			files = (
			);
			inputPaths = (
			);
			name = R.Swift;
			outputPaths = (
			);
			runOnlyForDeploymentPostprocessing = 0;
			shellPath = /bin/sh;
			shellScript = "\"$PODS_ROOT/R.swift/rswift\" generate \"$SRCROOT/$PROJECT_NAME\"";
		};
/* End PBXShellScriptBuildPhase section */

/* Begin PBXSourcesBuildPhase section */
		SBP_38018426983 /* Sources */ = {
			isa = PBXSourcesBuildPhase;
			buildActionMask = 2147483647;
			files = (
				BF_808746824284 /* AppDelegate.swift in Sources */,
				BF_635931689334 /* Category.swift in Sources */,
				BF_616007858959 /* Cyclone.swift in Sources */,
				BF_460642643806 /* DataProvider.swift in Sources */,
				BF_658848844760 /* MovieCategoriesCyclone.swift in Sources */,
				BF_615745902007 /* MovieCategoriesReactor.swift in Sources */,
				BF_433340952706 /* MovieCategoriesViewController.swift in Sources */,
				BF_644262077764 /* ObservableType+Extras.swift in Sources */,
				BF_614586781675 /* Pagination.swift in Sources */,
				BF_152933560209 /* PaginationReactor.swift in Sources */,
				BF_651649142571 /* R.generated.swift in Sources */,
				BF_887588873755 /* ViewController.swift in Sources */,
			);
			runOnlyForDeploymentPostprocessing = 0;
		};
		SBP_40270455544 /* Sources */ = {
			isa = PBXSourcesBuildPhase;
			buildActionMask = 2147483647;
			files = (
				BF_561999112024 /* clean_reduxTests.swift in Sources */,
			);
			runOnlyForDeploymentPostprocessing = 0;
		};
/* End PBXSourcesBuildPhase section */

/* Begin PBXTargetDependency section */
		TD_914538729016 /* PBXTargetDependency */ = {
			isa = PBXTargetDependency;
			target = NT_380184269837 /* clean-redux */;
			targetProxy = CIP_31905469546 /* PBXContainerItemProxy */;
		};
/* End PBXTargetDependency section */

/* Begin PBXVariantGroup section */
		VG_810177599676 /* LaunchScreen.storyboard */ = {
			isa = PBXVariantGroup;
			children = (
				FR_810177599676 /* Base */,
			);
			name = LaunchScreen.storyboard;
			sourceTree = "<group>";
		};
		VG_886936962567 /* Main.storyboard */ = {
			isa = PBXVariantGroup;
			children = (
				FR_886936962567 /* Base */,
			);
			name = Main.storyboard;
			sourceTree = "<group>";
		};
/* End PBXVariantGroup section */

/* Begin XCBuildConfiguration section */
		BC_135063791972 /* Release */ = {
			isa = XCBuildConfiguration;
			baseConfigurationReference = 0B13ACF0F2C0A2DDC060E33B /* Pods-clean-reduxTests.release.xcconfig */;
			buildSettings = {
				BUNDLE_LOADER = "$(TEST_HOST)";
				INFOPLIST_FILE = "clean-reduxTests/Info.plist";
				LD_RUNPATH_SEARCH_PATHS = "$(inherited) @executable_path/Frameworks @loader_path/Frameworks";
				PRODUCT_BUNDLE_IDENTIFIER = "com.lyzkov.clean-reduxTests";
				SDKROOT = iphoneos;
				TARGETED_DEVICE_FAMILY = "1,2";
			};
			name = Release;
		};
		BC_278768350401 /* Debug */ = {
			isa = XCBuildConfiguration;
			baseConfigurationReference = 092DD2D4F9C55AF0F9E8D342 /* Pods-clean-redux.debug.xcconfig */;
			buildSettings = {
				ALWAYS_EMBED_SWIFT_STANDARD_LIBRARIES = "$(inherited)";
				ASSETCATALOG_COMPILER_APPICON_NAME = AppIcon;
				"CODE_SIGN_IDENTITY[sdk=iphoneos*]" = "iPhone Developer";
				INFOPLIST_FILE = "clean-redux/Info.plist";
				LD_RUNPATH_SEARCH_PATHS = "$(inherited) @executable_path/Frameworks";
				PRODUCT_BUNDLE_IDENTIFIER = "com.lyzkov.clean-redux";
				SDKROOT = iphoneos;
				TARGETED_DEVICE_FAMILY = "1,2";
			};
			name = Debug;
		};
		BC_479945831424 /* Debug */ = {
			isa = XCBuildConfiguration;
			buildSettings = {
				ALWAYS_SEARCH_USER_PATHS = NO;
				CLANG_ANALYZER_NONNULL = YES;
				CLANG_ANALYZER_NUMBER_OBJECT_CONVERSION = YES_AGGRESSIVE;
				CLANG_CXX_LANGUAGE_STANDARD = "gnu++14";
				CLANG_CXX_LIBRARY = "libc++";
				CLANG_ENABLE_MODULES = YES;
				CLANG_ENABLE_OBJC_ARC = YES;
				CLANG_WARN_BLOCK_CAPTURE_AUTORELEASING = YES;
				CLANG_WARN_BOOL_CONVERSION = YES;
				CLANG_WARN_COMMA = YES;
				CLANG_WARN_CONSTANT_CONVERSION = YES;
				CLANG_WARN_DEPRECATED_OBJC_IMPLEMENTATIONS = YES;
				CLANG_WARN_DIRECT_OBJC_ISA_USAGE = YES_ERROR;
				CLANG_WARN_DOCUMENTATION_COMMENTS = YES;
				CLANG_WARN_EMPTY_BODY = YES;
				CLANG_WARN_ENUM_CONVERSION = YES;
				CLANG_WARN_INFINITE_RECURSION = YES;
				CLANG_WARN_INT_CONVERSION = YES;
				CLANG_WARN_NON_LITERAL_NULL_CONVERSION = YES;
				CLANG_WARN_OBJC_IMPLICIT_RETAIN_SELF = YES;
				CLANG_WARN_OBJC_LITERAL_CONVERSION = YES;
				CLANG_WARN_OBJC_ROOT_CLASS = YES_ERROR;
				CLANG_WARN_RANGE_LOOP_ANALYSIS = YES;
				CLANG_WARN_STRICT_PROTOTYPES = YES;
				CLANG_WARN_SUSPICIOUS_MOVE = YES;
				CLANG_WARN_UNGUARDED_AVAILABILITY = YES_AGGRESSIVE;
				CLANG_WARN_UNREACHABLE_CODE = YES;
				CLANG_WARN__DUPLICATE_METHOD_MATCH = YES;
				COPY_PHASE_STRIP = NO;
				DEBUG_INFORMATION_FORMAT = dwarf;
				ENABLE_STRICT_OBJC_MSGSEND = YES;
				ENABLE_TESTABILITY = YES;
				GCC_C_LANGUAGE_STANDARD = gnu11;
				GCC_DYNAMIC_NO_PIC = NO;
				GCC_NO_COMMON_BLOCKS = YES;
				GCC_OPTIMIZATION_LEVEL = 0;
				GCC_PREPROCESSOR_DEFINITIONS = (
					"$(inherited)",
					"DEBUG=1",
				);
				GCC_WARN_64_TO_32_BIT_CONVERSION = YES;
				GCC_WARN_ABOUT_RETURN_TYPE = YES_ERROR;
				GCC_WARN_UNDECLARED_SELECTOR = YES;
				GCC_WARN_UNINITIALIZED_AUTOS = YES_AGGRESSIVE;
				GCC_WARN_UNUSED_FUNCTION = YES;
				GCC_WARN_UNUSED_VARIABLE = YES;
				IPHONEOS_DEPLOYMENT_TARGET = 11.4;
				MTL_ENABLE_DEBUG_INFO = YES;
				ONLY_ACTIVE_ARCH = YES;
				PRODUCT_NAME = "$(TARGET_NAME)";
				SWIFT_ACTIVE_COMPILATION_CONDITIONS = DEBUG;
				SWIFT_OPTIMIZATION_LEVEL = "-Onone";
				SWIFT_VERSION = 4.0;
			};
			name = Debug;
		};
		BC_480782074591 /* Debug */ = {
			isa = XCBuildConfiguration;
			baseConfigurationReference = CEC4DF8C942BD65897952418 /* Pods-clean-reduxTests.debug.xcconfig */;
			buildSettings = {
				BUNDLE_LOADER = "$(TEST_HOST)";
				INFOPLIST_FILE = "clean-reduxTests/Info.plist";
				LD_RUNPATH_SEARCH_PATHS = "$(inherited) @executable_path/Frameworks @loader_path/Frameworks";
				PRODUCT_BUNDLE_IDENTIFIER = "com.lyzkov.clean-reduxTests";
				SDKROOT = iphoneos;
				TARGETED_DEVICE_FAMILY = "1,2";
			};
			name = Debug;
		};
		BC_528081715480 /* Release */ = {
			isa = XCBuildConfiguration;
			baseConfigurationReference = BED16541BED7B07545D561A1 /* Pods-clean-redux.release.xcconfig */;
			buildSettings = {
				ALWAYS_EMBED_SWIFT_STANDARD_LIBRARIES = "$(inherited)";
				ASSETCATALOG_COMPILER_APPICON_NAME = AppIcon;
				"CODE_SIGN_IDENTITY[sdk=iphoneos*]" = "iPhone Developer";
				INFOPLIST_FILE = "clean-redux/Info.plist";
				LD_RUNPATH_SEARCH_PATHS = "$(inherited) @executable_path/Frameworks";
				PRODUCT_BUNDLE_IDENTIFIER = "com.lyzkov.clean-redux";
				SDKROOT = iphoneos;
				TARGETED_DEVICE_FAMILY = "1,2";
			};
			name = Release;
		};
		BC_881114754245 /* Release */ = {
			isa = XCBuildConfiguration;
			buildSettings = {
				ALWAYS_SEARCH_USER_PATHS = NO;
				CLANG_ANALYZER_NONNULL = YES;
				CLANG_ANALYZER_NUMBER_OBJECT_CONVERSION = YES_AGGRESSIVE;
				CLANG_CXX_LANGUAGE_STANDARD = "gnu++14";
				CLANG_CXX_LIBRARY = "libc++";
				CLANG_ENABLE_MODULES = YES;
				CLANG_ENABLE_OBJC_ARC = YES;
				CLANG_WARN_BLOCK_CAPTURE_AUTORELEASING = YES;
				CLANG_WARN_BOOL_CONVERSION = YES;
				CLANG_WARN_COMMA = YES;
				CLANG_WARN_CONSTANT_CONVERSION = YES;
				CLANG_WARN_DEPRECATED_OBJC_IMPLEMENTATIONS = YES;
				CLANG_WARN_DIRECT_OBJC_ISA_USAGE = YES_ERROR;
				CLANG_WARN_DOCUMENTATION_COMMENTS = YES;
				CLANG_WARN_EMPTY_BODY = YES;
				CLANG_WARN_ENUM_CONVERSION = YES;
				CLANG_WARN_INFINITE_RECURSION = YES;
				CLANG_WARN_INT_CONVERSION = YES;
				CLANG_WARN_NON_LITERAL_NULL_CONVERSION = YES;
				CLANG_WARN_OBJC_IMPLICIT_RETAIN_SELF = YES;
				CLANG_WARN_OBJC_LITERAL_CONVERSION = YES;
				CLANG_WARN_OBJC_ROOT_CLASS = YES_ERROR;
				CLANG_WARN_RANGE_LOOP_ANALYSIS = YES;
				CLANG_WARN_STRICT_PROTOTYPES = YES;
				CLANG_WARN_SUSPICIOUS_MOVE = YES;
				CLANG_WARN_UNGUARDED_AVAILABILITY = YES_AGGRESSIVE;
				CLANG_WARN_UNREACHABLE_CODE = YES;
				CLANG_WARN__DUPLICATE_METHOD_MATCH = YES;
				COPY_PHASE_STRIP = NO;
				DEBUG_INFORMATION_FORMAT = "dwarf-with-dsym";
				ENABLE_NS_ASSERTIONS = NO;
				ENABLE_STRICT_OBJC_MSGSEND = YES;
				GCC_C_LANGUAGE_STANDARD = gnu11;
				GCC_NO_COMMON_BLOCKS = YES;
				GCC_WARN_64_TO_32_BIT_CONVERSION = YES;
				GCC_WARN_ABOUT_RETURN_TYPE = YES_ERROR;
				GCC_WARN_UNDECLARED_SELECTOR = YES;
				GCC_WARN_UNINITIALIZED_AUTOS = YES_AGGRESSIVE;
				GCC_WARN_UNUSED_FUNCTION = YES;
				GCC_WARN_UNUSED_VARIABLE = YES;
				IPHONEOS_DEPLOYMENT_TARGET = 11.4;
				PRODUCT_NAME = "$(TARGET_NAME)";
				SWIFT_OPTIMIZATION_LEVEL = "-Owholemodule";
				SWIFT_VERSION = 4.0;
				VALIDATE_PRODUCT = YES;
			};
			name = Release;
		};
/* End XCBuildConfiguration section */

/* Begin XCConfigurationList section */
		CL_380184269837 /* Build configuration list for PBXProject "clean-redux" */ = {
			isa = XCConfigurationList;
			buildConfigurations = (
				BC_479945831424 /* Debug */,
				BC_881114754245 /* Release */,
			);
			defaultConfigurationIsVisible = 0;
			defaultConfigurationName = Debug;
		};
		CL_380184269837-1 /* Build configuration list for PBXNativeTarget "clean-redux" */ = {
			isa = XCConfigurationList;
			buildConfigurations = (
				BC_278768350401 /* Debug */,
				BC_528081715480 /* Release */,
			);
			defaultConfigurationIsVisible = 0;
			defaultConfigurationName = "";
		};
		CL_402704555440 /* Build configuration list for PBXNativeTarget "clean-reduxTests" */ = {
			isa = XCConfigurationList;
			buildConfigurations = (
				BC_480782074591 /* Debug */,
				BC_135063791972 /* Release */,
			);
			defaultConfigurationIsVisible = 0;
			defaultConfigurationName = "";
		};
/* End XCConfigurationList section */
	};
	rootObject = P_3801842698376 /* Project object */;
}
